
Microsoft Visual Studio Solution File, Format Version 12.00
# Visual Studio Version 17
VisualStudioVersion = 17.14.36705.20 d17.14
MinimumVisualStudioVersion = 10.0.40219.1
Project("{FAE04EC0-301F-11D3-BF4B-00C04F79EFBC}") = "MLVScan.Core", "MLVScan.Core.csproj", "{35BCC4E8-9FAC-4485-8174-F34E2DFACB31}"
EndProject
Global
	GlobalSection(SolutionConfigurationPlatforms) = preSolution
		Debug|Any CPU = Debug|Any CPU
		Release|Any CPU = Release|Any CPU
	EndGlobalSection
	GlobalSection(ProjectConfigurationPlatforms) = postSolution
		{35BCC4E8-9FAC-4485-8174-F34E2DFACB31}.Debug|Any CPU.ActiveCfg = Debug|Any CPU
		{35BCC4E8-9FAC-4485-8174-F34E2DFACB31}.Debug|Any CPU.Build.0 = Debug|Any CPU
		{35BCC4E8-9FAC-4485-8174-F34E2DFACB31}.Release|Any CPU.ActiveCfg = Release|Any CPU
		{35BCC4E8-9FAC-4485-8174-F34E2DFACB31}.Release|Any CPU.Build.0 = Release|Any CPU
	EndGlobalSection
	GlobalSection(SolutionProperties) = preSolution
		HideSolutionNode = FALSE
	EndGlobalSection
	GlobalSection(ExtensibilityGlobals) = postSolution
		SolutionGuid = {3479E128-7EFE-4A73-86AC-7F11707A1875}
	EndGlobalSection
EndGlobal
